
Microsoft Visual Studio Solution File, Format Version 12.00
# Visual Studio Version 17
VisualStudioVersion = 17.1.32228.430
MinimumVisualStudioVersion = 10.0.40219.1
Project("{FAE04EC0-301F-11D3-BF4B-00C04F79EFBC}") = "ABC_Algoritması(5.Ödev)", "ABC_Algoritması(5.Ödev)\ABC_Algoritması(5.Ödev).csproj", "{18CC729A-4917-4087-AE40-D540036B11E0}"
EndProject
Global
	GlobalSection(SolutionConfigurationPlatforms) = preSolution
		Debug|Any CPU = Debug|Any CPU
		Release|Any CPU = Release|Any CPU
	EndGlobalSection
	GlobalSection(ProjectConfigurationPlatforms) = postSolution
		{18CC729A-4917-4087-AE40-D540036B11E0}.Debug|Any CPU.ActiveCfg = Debug|Any CPU
		{18CC729A-4917-4087-AE40-D540036B11E0}.Debug|Any CPU.Build.0 = Debug|Any CPU
		{18CC729A-4917-4087-AE40-D540036B11E0}.Release|Any CPU.ActiveCfg = Release|Any CPU
		{18CC729A-4917-4087-AE40-D540036B11E0}.Release|Any CPU.Build.0 = Release|Any CPU
	EndGlobalSection
	GlobalSection(SolutionProperties) = preSolution
		HideSolutionNode = FALSE
	EndGlobalSection
	GlobalSection(ExtensibilityGlobals) = postSolution
		SolutionGuid = {C2C813D9-2A70-415C-BF99-03A885745E74}
	EndGlobalSection
EndGlobal
